
Microsoft Visual Studio Solution File, Format Version 12.00
# Visual Studio Version 16
VisualStudioVersion = 16.0.29613.14
MinimumVisualStudioVersion = 10.0.40219.1
Project("{9A19103F-16F7-4668-BE54-9A1E7A4F7556}") = "TestLib", "TestLib\TestLib.csproj", "{ED4076E1-2E95-4769-806D-4BB28FDA4D61}"
EndProject
Project("{9A19103F-16F7-4668-BE54-9A1E7A4F7556}") = "WithLinker", "WithLinker\WithLinker.csproj", "{48AD8E82-33AD-4EEE-8294-CC436E21C421}"
EndProject
Project("{9A19103F-16F7-4668-BE54-9A1E7A4F7556}") = "WithoutLinker", "WithoutLinker\WithoutLinker.csproj", "{BB3DBC32-6422-4236-9FCB-811BDD1AA8EE}"
EndProject
Global
	GlobalSection(SolutionConfigurationPlatforms) = preSolution
		Debug|Any CPU = Debug|Any CPU
		Release|Any CPU = Release|Any CPU
	EndGlobalSection
	GlobalSection(ProjectConfigurationPlatforms) = postSolution
		{ED4076E1-2E95-4769-806D-4BB28FDA4D61}.Debug|Any CPU.ActiveCfg = Debug|Any CPU
		{ED4076E1-2E95-4769-806D-4BB28FDA4D61}.Debug|Any CPU.Build.0 = Debug|Any CPU
		{ED4076E1-2E95-4769-806D-4BB28FDA4D61}.Release|Any CPU.ActiveCfg = Release|Any CPU
		{ED4076E1-2E95-4769-806D-4BB28FDA4D61}.Release|Any CPU.Build.0 = Release|Any CPU
		{48AD8E82-33AD-4EEE-8294-CC436E21C421}.Debug|Any CPU.ActiveCfg = Debug|Any CPU
		{48AD8E82-33AD-4EEE-8294-CC436E21C421}.Debug|Any CPU.Build.0 = Debug|Any CPU
		{48AD8E82-33AD-4EEE-8294-CC436E21C421}.Release|Any CPU.ActiveCfg = Release|Any CPU
		{48AD8E82-33AD-4EEE-8294-CC436E21C421}.Release|Any CPU.Build.0 = Release|Any CPU
		{BB3DBC32-6422-4236-9FCB-811BDD1AA8EE}.Debug|Any CPU.ActiveCfg = Debug|Any CPU
		{BB3DBC32-6422-4236-9FCB-811BDD1AA8EE}.Debug|Any CPU.Build.0 = Debug|Any CPU
		{BB3DBC32-6422-4236-9FCB-811BDD1AA8EE}.Release|Any CPU.ActiveCfg = Release|Any CPU
		{BB3DBC32-6422-4236-9FCB-811BDD1AA8EE}.Release|Any CPU.Build.0 = Release|Any CPU
	EndGlobalSection
	GlobalSection(SolutionProperties) = preSolution
		HideSolutionNode = FALSE
	EndGlobalSection
	GlobalSection(ExtensibilityGlobals) = postSolution
		SolutionGuid = {41D8D43F-012B-44BC-B90F-5ED756EFE5F6}
	EndGlobalSection
EndGlobal
